version = 1
revision = 3
requires-python = ">=3.11"

[[package]]
name = "aenum"
version = "3.1.16"
source = { registry = "https://pypi.org/simple" }
sdist = { url = "https://files.pythonhosted.org/packages/09/7a/61ed58e8be9e30c3fe518899cc78c284896d246d51381bab59b5db11e1f3/aenum-3.1.16.tar.gz", hash = "sha256:bfaf9589bdb418ee3a986d85750c7318d9d2839c1b1a1d6fe8fc53ec201cf140", size = 137693, upload-time = "2026-01-12T22:34:38.819Z" }
wheels = [
    { url = "https://files.pythonhosted.org/packages/e3/52/6ad8f63ec8da1bf40f96996d25d5b650fdd38f5975f8c813732c47388f18/aenum-3.1.16-py3-none-any.whl", hash = "sha256:9035092855a98e41b66e3d0998bd7b96280e85ceb3a04cc035636138a1943eaf", size = 165627, upload-time = "2025-04-25T03:17:58.89Z" },
]

[[package]]
name = "repl-nix-workspace"
version = "0.1.0"
source = { virtual = "." }
dependencies = [
    { name = "swmm-toolkit" },
]

[package.metadata]
requires-dist = [{ name = "swmm-toolkit", specifier = ">=0.17.0" }]

[[package]]
name = "swmm-toolkit"
version = "0.17.0"
source = { registry = "https://pypi.org/simple" }
dependencies = [
    { name = "aenum" },
]
sdist = { url = "https://files.pythonhosted.org/packages/06/6f/e059e9e7d3a7107cbd1dc5f897b0b29ae32b63b7a2287ad87d8928785db5/swmm_toolkit-0.17.0.tar.gz", hash = "sha256:83e8e9dccbac785aa4868643cdfc3972ff7ffe06f04fdfa6f603b82f5c643e72", size = 592747, upload-time = "2026-02-26T17:20:02.378Z" }
wheels = [
    { url = "https://files.pythonhosted.org/packages/a7/d6/24c8da26e3db21d4515d833f15c3551019c257dcb96d248bcd6078207c2d/swmm_toolkit-0.17.0-cp39-abi3-macosx_11_0_arm64.whl", hash = "sha256:0390d0afdfb7fb3296638c813dd549b290e0028e6812aac4acab59b442f88870", size = 606795, upload-time = "2026-02-26T17:19:52.02Z" },
    { url = "https://files.pythonhosted.org/packages/24/34/f0290172534bae205b9ac5a3f2f37f22c74d27b4db3fe3a8b0e262c0e781/swmm_toolkit-0.17.0-cp39-abi3-macosx_11_0_x86_64.whl", hash = "sha256:587025031c81548cd914018663bb4259e000601eb4224b36675aee266fb56e50", size = 682096, upload-time = "2026-02-26T17:19:53.696Z" },
    { url = "https://files.pythonhosted.org/packages/f6/69/f3f182590129a0d36507823c956981ec4dc55ad30bf1712aaf7f0a4579b2/swmm_toolkit-0.17.0-cp39-abi3-manylinux2014_aarch64.manylinux_2_17_aarch64.manylinux_2_28_aarch64.whl", hash = "sha256:f0d5026a98f14db88a79cf790b74877b6822f71e7a548b6618b55ce4a1b0f23e", size = 495529, upload-time = "2026-02-26T17:19:55.115Z" },
    { url = "https://files.pythonhosted.org/packages/0a/0d/4954077349d3957903ee6b20fe0d4846b44328e6a2a9ce2d077c2f7b8ee3/swmm_toolkit-0.17.0-cp39-abi3-manylinux2014_x86_64.manylinux_2_17_x86_64.manylinux_2_28_x86_64.whl", hash = "sha256:28737dd539d383a6d8ea2000fc372825b1e25bdaef076bd01fab816ebe62c06e", size = 520831, upload-time = "2026-02-26T17:19:56.562Z" },
    { url = "https://files.pythonhosted.org/packages/86/82/609a6aa0f442481f7d307f527b4822b4c46827c812901a2473c608c59b7d/swmm_toolkit-0.17.0-cp39-abi3-musllinux_1_2_aarch64.whl", hash = "sha256:34ca45714f790fc84e6884567cfd2af97c702dd5e6a1af6a9f3dd000210db6d2", size = 541304, upload-time = "2026-02-26T17:19:58.017Z" },
    { url = "https://files.pythonhosted.org/packages/2f/1a/21817b7e1cd6ac3da0897cf1fed0034306569a81109bf40c924aac1eb1a6/swmm_toolkit-0.17.0-cp39-abi3-musllinux_1_2_x86_64.whl", hash = "sha256:c7b81deebf0b65ba6021a6d362b8af14157ffb15781f7fd8ef4c6ca4911f8b80", size = 563777, upload-time = "2026-02-26T17:19:59.436Z" },
    { url = "https://files.pythonhosted.org/packages/59/be/48a70a62de1ebeb1c2c099290853ac141ca757c2207c9170b335561abd8a/swmm_toolkit-0.17.0-cp39-abi3-win_amd64.whl", hash = "sha256:a8a5a3e5e282d8660fb268f41a87d0da5c3cbed8fae12545ca9fa89a4324187b", size = 1000363, upload-time = "2026-02-26T17:20:00.891Z" },
]
